hash: 2a443d1134599077e30c079238e394224e207bdc81ba96b662bba20e906d7a13
updated: 2016-12-01T10:18:17.659451258+01:00
imports:
- name: github.com/golang/protobuf
  version: 98fa357170587e470c5f27d3c3ea0947b71eb455
  subpackages:
  - proto
  - protoc-gen-go/descriptor
  - protoc-gen-go/generator
  - protoc-gen-go/plugin
- name: github.com/kr/fs
  version: 2788f0dbd16903de03cb8186e5c7d97b69ad387b
- name: github.com/moul/funcmap
  version: ae20ef49f610b7cb474d94afd71606af8fb09b77
testImports: []
